
Microsoft Visual Studio Solution File, Format Version 12.00
# Visual Studio Version 17
VisualStudioVersion = 17.9.34321.82
MinimumVisualStudioVersion = 10.0.40219.1
Project("{FAE04EC0-301F-11D3-BF4B-00C04F79EFBC}") = "Contracts", "Contracts\Contracts.csproj", "{E93B90D9-C4D5-4E78-A475-36E05F4CBA7D}"
EndProject
Global
	GlobalSection(SolutionConfigurationPlatforms) = preSolution
		Debug|Any CPU = Debug|Any CPU
		Release|Any CPU = Release|Any CPU
	EndGlobalSection
	GlobalSection(ProjectConfigurationPlatforms) = postSolution
		{E93B90D9-C4D5-4E78-A475-36E05F4CBA7D}.Debug|Any CPU.ActiveCfg = Debug|Any CPU
		{E93B90D9-C4D5-4E78-A475-36E05F4CBA7D}.Debug|Any CPU.Build.0 = Debug|Any CPU
		{E93B90D9-C4D5-4E78-A475-36E05F4CBA7D}.Release|Any CPU.ActiveCfg = Release|Any CPU
		{E93B90D9-C4D5-4E78-A475-36E05F4CBA7D}.Release|Any CPU.Build.0 = Release|Any CPU
	EndGlobalSection
	GlobalSection(SolutionProperties) = preSolution
		HideSolutionNode = FALSE
	EndGlobalSection
	GlobalSection(ExtensibilityGlobals) = postSolution
		SolutionGuid = {085B0323-AE1B-4A97-A5D7-87850DD05956}
	EndGlobalSection
EndGlobal
